
Microsoft Visual Studio Solution File, Format Version 12.00
# Visual Studio 15
VisualStudioVersion = 15.0.28307.1231
MinimumVisualStudioVersion = 10.0.40219.1
Project("{FAE04EC0-301F-11D3-BF4B-00C04F79EFBC}") = "Algorithms", "Algorithms\Algorithms.csproj", "{77D7DCBA-E755-4274-9201-4B9DC95FBC78}"
EndProject
Global
	GlobalSection(SolutionConfigurationPlatforms) = preSolution
		Debug|Any CPU = Debug|Any CPU
		Release|Any CPU = Release|Any CPU
	EndGlobalSection
	GlobalSection(ProjectConfigurationPlatforms) = postSolution
		{77D7DCBA-E755-4274-9201-4B9DC95FBC78}.Debug|Any CPU.ActiveCfg = Debug|Any CPU
		{77D7DCBA-E755-4274-9201-4B9DC95FBC78}.Debug|Any CPU.Build.0 = Debug|Any CPU
		{77D7DCBA-E755-4274-9201-4B9DC95FBC78}.Release|Any CPU.ActiveCfg = Release|Any CPU
		{77D7DCBA-E755-4274-9201-4B9DC95FBC78}.Release|Any CPU.Build.0 = Release|Any CPU
	EndGlobalSection
	GlobalSection(SolutionProperties) = preSolution
		HideSolutionNode = FALSE
	EndGlobalSection
	GlobalSection(ExtensibilityGlobals) = postSolution
		SolutionGuid = {D859AA6F-7421-452E-A05A-A020E92C4697}
	EndGlobalSection
EndGlobal
