
Microsoft Visual Studio Solution File, Format Version 12.00
# Visual Studio 15
VisualStudioVersion = 15.0.28307.1259
MinimumVisualStudioVersion = 10.0.40219.1
Project("{FAE04EC0-301F-11D3-BF4B-00C04F79EFBC}") = "DesktopApp1", "DesktopApp1\DesktopApp1.csproj", "{694EDBD9-C218-4213-8D21-C0449F0CA742}"
EndProject
Global
	GlobalSection(SolutionConfigurationPlatforms) = preSolution
		Debug|Any CPU = Debug|Any CPU
		Release|Any CPU = Release|Any CPU
	EndGlobalSection
	GlobalSection(ProjectConfigurationPlatforms) = postSolution
		{694EDBD9-C218-4213-8D21-C0449F0CA742}.Debug|Any CPU.ActiveCfg = Debug|Any CPU
		{694EDBD9-C218-4213-8D21-C0449F0CA742}.Debug|Any CPU.Build.0 = Debug|Any CPU
		{694EDBD9-C218-4213-8D21-C0449F0CA742}.Release|Any CPU.ActiveCfg = Release|Any CPU
		{694EDBD9-C218-4213-8D21-C0449F0CA742}.Release|Any CPU.Build.0 = Release|Any CPU
	EndGlobalSection
	GlobalSection(SolutionProperties) = preSolution
		HideSolutionNode = FALSE
	EndGlobalSection
	GlobalSection(ExtensibilityGlobals) = postSolution
		SolutionGuid = {91BDBDD4-AA44-4F8A-B159-53BC7CADD520}
	EndGlobalSection
EndGlobal
